
Microsoft Visual Studio Solution File, Format Version 12.00
# Visual Studio Version 16
VisualStudioVersion = 16.0.31729.503
MinimumVisualStudioVersion = 10.0.40219.1
Project("{8BC9CEB8-8B4A-11D0-8D11-00A0C91BC942}") = "ЧМВКВ_4", "ЧМВКВ_4\ЧМВКВ_4.vcxproj", "{7315036D-7093-4167-ABE6-865F70A75082}"
EndProject
Global
	GlobalSection(SolutionConfigurationPlatforms) = preSolution
		Debug|x64 = Debug|x64
		Debug|x86 = Debug|x86
		Release|x64 = Release|x64
		Release|x86 = Release|x86
	EndGlobalSection
	GlobalSection(ProjectConfigurationPlatforms) = postSolution
		{7315036D-7093-4167-ABE6-865F70A75082}.Debug|x64.ActiveCfg = Debug|x64
		{7315036D-7093-4167-ABE6-865F70A75082}.Debug|x64.Build.0 = Debug|x64
		{7315036D-7093-4167-ABE6-865F70A75082}.Debug|x86.ActiveCfg = Debug|Win32
		{7315036D-7093-4167-ABE6-865F70A75082}.Debug|x86.Build.0 = Debug|Win32
		{7315036D-7093-4167-ABE6-865F70A75082}.Release|x64.ActiveCfg = Release|x64
		{7315036D-7093-4167-ABE6-865F70A75082}.Release|x64.Build.0 = Release|x64
		{7315036D-7093-4167-ABE6-865F70A75082}.Release|x86.ActiveCfg = Release|Win32
		{7315036D-7093-4167-ABE6-865F70A75082}.Release|x86.Build.0 = Release|Win32
	EndGlobalSection
	GlobalSection(SolutionProperties) = preSolution
		HideSolutionNode = FALSE
	EndGlobalSection
	GlobalSection(ExtensibilityGlobals) = postSolution
		SolutionGuid = {98B1C78A-6888-4A0E-B752-5C1C8BB48F32}
	EndGlobalSection
EndGlobal
